
Microsoft Visual Studio Solution File, Format Version 12.00
# Visual Studio Version 17
VisualStudioVersion = 17.11.35327.3
MinimumVisualStudioVersion = 10.0.40219.1
Project("{2150E333-8FDC-42A3-9474-1A3956D46DE8}") = "BuildingBlocks", "BuildingBlocks", "{2AE0F2CA-66CD-4114-8799-665F30748B6B}"
EndProject
Project("{2150E333-8FDC-42A3-9474-1A3956D46DE8}") = "Services", "Services", "{F8C6715E-9567-4FCB-97B4-41A7AA0A1498}"
EndProject
Project("{2150E333-8FDC-42A3-9474-1A3956D46DE8}") = "Domain", "Domain", "{966E7B7B-BB0A-4EB5-8D35-9DE5BCF19D1D}"
EndProject
Project("{2150E333-8FDC-42A3-9474-1A3956D46DE8}") = "Infra", "Infra", "{7B9A00CA-7378-402F-A3AE-D427986D5462}"
EndProject
Project("{2150E333-8FDC-42A3-9474-1A3956D46DE8}") = "Core", "Core", "{E87718E7-26AC-4F7D-9EB3-C44F8C56654C}"
EndProject
Project("{9A19103F-16F7-4668-BE54-9A1E7A4F7556}") = "AVS.OTEL.Domain", "src\AVS.OTEL.Domain\AVS.OTEL.Domain.csproj", "{BBC0E2E4-9061-4826-ACBD-E16E82A8EFED}"
EndProject
Project("{FAE04EC0-301F-11D3-BF4B-00C04F79EFBC}") = "AVS.OTEL.Core", "src\AVS.OTEL.Core\AVS.OTEL.Core.csproj", "{DCDCAC94-57D7-4B48-80FE-6279DB8F150B}"
EndProject
Project("{FAE04EC0-301F-11D3-BF4B-00C04F79EFBC}") = "AVS.OTEL.Infra.Data", "src\AVS.OTEL.Infra.Data\AVS.OTEL.Infra.Data.csproj", "{7ED75DEE-4B6D-4353-9DEE-2CAC2FBCEC22}"
EndProject
Project("{FAE04EC0-301F-11D3-BF4B-00C04F79EFBC}") = "AVS.OTEL.Infra.CrossCutting", "src\AVS.OTEL.Infra.CrossCutting\AVS.OTEL.Infra.CrossCutting.csproj", "{1CDF6BB4-1891-448A-9D5D-F40268ECC919}"
EndProject
Project("{FAE04EC0-301F-11D3-BF4B-00C04F79EFBC}") = "AVS.OTEL.Services.API", "src\AVS.OTEL.Services.API\AVS.OTEL.Services.API.csproj", "{45B4E259-6C51-49E9-A947-F6B7FB4C17FA}"
EndProject
Global
	GlobalSection(SolutionConfigurationPlatforms) = preSolution
		Debug|Any CPU = Debug|Any CPU
		Release|Any CPU = Release|Any CPU
	EndGlobalSection
	GlobalSection(ProjectConfigurationPlatforms) = postSolution
		{BBC0E2E4-9061-4826-ACBD-E16E82A8EFED}.Debug|Any CPU.ActiveCfg = Debug|Any CPU
		{BBC0E2E4-9061-4826-ACBD-E16E82A8EFED}.Debug|Any CPU.Build.0 = Debug|Any CPU
		{BBC0E2E4-9061-4826-ACBD-E16E82A8EFED}.Release|Any CPU.ActiveCfg = Release|Any CPU
		{BBC0E2E4-9061-4826-ACBD-E16E82A8EFED}.Release|Any CPU.Build.0 = Release|Any CPU
		{DCDCAC94-57D7-4B48-80FE-6279DB8F150B}.Debug|Any CPU.ActiveCfg = Debug|Any CPU
		{DCDCAC94-57D7-4B48-80FE-6279DB8F150B}.Debug|Any CPU.Build.0 = Debug|Any CPU
		{DCDCAC94-57D7-4B48-80FE-6279DB8F150B}.Release|Any CPU.ActiveCfg = Release|Any CPU
		{DCDCAC94-57D7-4B48-80FE-6279DB8F150B}.Release|Any CPU.Build.0 = Release|Any CPU
		{7ED75DEE-4B6D-4353-9DEE-2CAC2FBCEC22}.Debug|Any CPU.ActiveCfg = Debug|Any CPU
		{7ED75DEE-4B6D-4353-9DEE-2CAC2FBCEC22}.Debug|Any CPU.Build.0 = Debug|Any CPU
		{7ED75DEE-4B6D-4353-9DEE-2CAC2FBCEC22}.Release|Any CPU.ActiveCfg = Release|Any CPU
		{7ED75DEE-4B6D-4353-9DEE-2CAC2FBCEC22}.Release|Any CPU.Build.0 = Release|Any CPU
		{1CDF6BB4-1891-448A-9D5D-F40268ECC919}.Debug|Any CPU.ActiveCfg = Debug|Any CPU
		{1CDF6BB4-1891-448A-9D5D-F40268ECC919}.Debug|Any CPU.Build.0 = Debug|Any CPU
		{1CDF6BB4-1891-448A-9D5D-F40268ECC919}.Release|Any CPU.ActiveCfg = Release|Any CPU
		{1CDF6BB4-1891-448A-9D5D-F40268ECC919}.Release|Any CPU.Build.0 = Release|Any CPU
		{45B4E259-6C51-49E9-A947-F6B7FB4C17FA}.Debug|Any CPU.ActiveCfg = Debug|Any CPU
		{45B4E259-6C51-49E9-A947-F6B7FB4C17FA}.Debug|Any CPU.Build.0 = Debug|Any CPU
		{45B4E259-6C51-49E9-A947-F6B7FB4C17FA}.Release|Any CPU.ActiveCfg = Release|Any CPU
		{45B4E259-6C51-49E9-A947-F6B7FB4C17FA}.Release|Any CPU.Build.0 = Release|Any CPU
	EndGlobalSection
	GlobalSection(SolutionProperties) = preSolution
		HideSolutionNode = FALSE
	EndGlobalSection
	GlobalSection(NestedProjects) = preSolution
		{E87718E7-26AC-4F7D-9EB3-C44F8C56654C} = {2AE0F2CA-66CD-4114-8799-665F30748B6B}
		{BBC0E2E4-9061-4826-ACBD-E16E82A8EFED} = {966E7B7B-BB0A-4EB5-8D35-9DE5BCF19D1D}
		{DCDCAC94-57D7-4B48-80FE-6279DB8F150B} = {E87718E7-26AC-4F7D-9EB3-C44F8C56654C}
		{7ED75DEE-4B6D-4353-9DEE-2CAC2FBCEC22} = {7B9A00CA-7378-402F-A3AE-D427986D5462}
		{1CDF6BB4-1891-448A-9D5D-F40268ECC919} = {7B9A00CA-7378-402F-A3AE-D427986D5462}
		{45B4E259-6C51-49E9-A947-F6B7FB4C17FA} = {F8C6715E-9567-4FCB-97B4-41A7AA0A1498}
	EndGlobalSection
	GlobalSection(ExtensibilityGlobals) = postSolution
		SolutionGuid = {F0EBFA95-E7DE-403E-A7ED-D5943FCE515A}
	EndGlobalSection
EndGlobal
